
Microsoft Visual Studio Solution File, Format Version 12.00
# Visual Studio 2013
VisualStudioVersion = 12.0.31101.0
MinimumVisualStudioVersion = 10.0.40219.1
Project("{FAE04EC0-301F-11D3-BF4B-00C04F79EFBC}") = "BarUTomaREST", "BarUTomaREST\BarUTomaREST.csproj", "{EFAFF218-B839-4C16-8887-396FBF22EA20}"
EndProject
Project("{FAE04EC0-301F-11D3-BF4B-00C04F79EFBC}") = "BarUTomaREST.Tests", "BarUTomaREST.Tests\BarUTomaREST.Tests.csproj", "{6E33070E-64F3-4943-9D86-075BEE7FEE9D}"
EndProject
Project("{FAE04EC0-301F-11D3-BF4B-00C04F79EFBC}") = "BarUTomaModels", "..\BarUTomaModels\BarUTomaModels\BarUTomaModels.csproj", "{09CCB19C-8FA6-451B-83F5-A0ECCAB04317}"
EndProject
Global
	GlobalSection(SolutionConfigurationPlatforms) = preSolution
		Debug|Any CPU = Debug|Any CPU
		Release|Any CPU = Release|Any CPU
	EndGlobalSection
	GlobalSection(ProjectConfigurationPlatforms) = postSolution
		{EFAFF218-B839-4C16-8887-396FBF22EA20}.Debug|Any CPU.ActiveCfg = Debug|Any CPU
		{EFAFF218-B839-4C16-8887-396FBF22EA20}.Debug|Any CPU.Build.0 = Debug|Any CPU
		{EFAFF218-B839-4C16-8887-396FBF22EA20}.Release|Any CPU.ActiveCfg = Release|Any CPU
		{EFAFF218-B839-4C16-8887-396FBF22EA20}.Release|Any CPU.Build.0 = Release|Any CPU
		{6E33070E-64F3-4943-9D86-075BEE7FEE9D}.Debug|Any CPU.ActiveCfg = Debug|Any CPU
		{6E33070E-64F3-4943-9D86-075BEE7FEE9D}.Debug|Any CPU.Build.0 = Debug|Any CPU
		{6E33070E-64F3-4943-9D86-075BEE7FEE9D}.Release|Any CPU.ActiveCfg = Release|Any CPU
		{6E33070E-64F3-4943-9D86-075BEE7FEE9D}.Release|Any CPU.Build.0 = Release|Any CPU
		{09CCB19C-8FA6-451B-83F5-A0ECCAB04317}.Debug|Any CPU.ActiveCfg = Debug|Any CPU
		{09CCB19C-8FA6-451B-83F5-A0ECCAB04317}.Debug|Any CPU.Build.0 = Debug|Any CPU
		{09CCB19C-8FA6-451B-83F5-A0ECCAB04317}.Release|Any CPU.ActiveCfg = Release|Any CPU
		{09CCB19C-8FA6-451B-83F5-A0ECCAB04317}.Release|Any CPU.Build.0 = Release|Any CPU
	EndGlobalSection
	GlobalSection(SolutionProperties) = preSolution
		HideSolutionNode = FALSE
	EndGlobalSection
EndGlobal
